
Microsoft Visual Studio Solution File, Format Version 12.00
# Visual Studio Version 17
VisualStudioVersion = 17.13.35931.197
MinimumVisualStudioVersion = 10.0.40219.1
Project("{FAE04EC0-301F-11D3-BF4B-00C04F79EFBC}") = "GoogleMap.SDK.API", "GoogleMap.SDK.API\GoogleMap.SDK.API.csproj", "{48348620-F3FE-40A6-AF2E-78BE8F477BBA}"
EndProject
Project("{FAE04EC0-301F-11D3-BF4B-00C04F79EFBC}") = "GooleMap.SDK.UI.Winform", "GooleMap.SDK.UI.Winform\GooleMap.SDK.UI.Winform.csproj", "{29F66334-1FB0-4A35-A095-7B238728453E}"
EndProject
Project("{FAE04EC0-301F-11D3-BF4B-00C04F79EFBC}") = "GoogleMap.SDK.Core", "GoogleMap.SDK.Core\GoogleMap.SDK.Core.csproj", "{0A5E0E9E-0954-456E-B79B-87C33AE9DD91}"
EndProject
Project("{FAE04EC0-301F-11D3-BF4B-00C04F79EFBC}") = "GoogleMap.SDK.UI.Winform.Test", "GoogleMap.SDK.UI.Winform.Test\GoogleMap.SDK.UI.Winform.Test.csproj", "{0045032E-1639-49BA-B2D7-A609296C2F81}"
EndProject
Project("{FAE04EC0-301F-11D3-BF4B-00C04F79EFBC}") = "GoogleMap.SDK.UI.Winform.Test(.net framework)", "GoogleMap.SDK.UI.Winform.Test(.net framework)\GoogleMap.SDK.UI.Winform.Test(.net framework).csproj", "{4ACE6F88-EDD8-453E-ABE6-27312CA6F5CC}"
EndProject
Global
	GlobalSection(SolutionConfigurationPlatforms) = preSolution
		Debug|Any CPU = Debug|Any CPU
		Release|Any CPU = Release|Any CPU
	EndGlobalSection
	GlobalSection(ProjectConfigurationPlatforms) = postSolution
		{48348620-F3FE-40A6-AF2E-78BE8F477BBA}.Debug|Any CPU.ActiveCfg = Debug|Any CPU
		{48348620-F3FE-40A6-AF2E-78BE8F477BBA}.Debug|Any CPU.Build.0 = Debug|Any CPU
		{48348620-F3FE-40A6-AF2E-78BE8F477BBA}.Release|Any CPU.ActiveCfg = Release|Any CPU
		{48348620-F3FE-40A6-AF2E-78BE8F477BBA}.Release|Any CPU.Build.0 = Release|Any CPU
		{29F66334-1FB0-4A35-A095-7B238728453E}.Debug|Any CPU.ActiveCfg = Debug|Any CPU
		{29F66334-1FB0-4A35-A095-7B238728453E}.Debug|Any CPU.Build.0 = Debug|Any CPU
		{29F66334-1FB0-4A35-A095-7B238728453E}.Release|Any CPU.ActiveCfg = Release|Any CPU
		{29F66334-1FB0-4A35-A095-7B238728453E}.Release|Any CPU.Build.0 = Release|Any CPU
		{0A5E0E9E-0954-456E-B79B-87C33AE9DD91}.Debug|Any CPU.ActiveCfg = Debug|Any CPU
		{0A5E0E9E-0954-456E-B79B-87C33AE9DD91}.Debug|Any CPU.Build.0 = Debug|Any CPU
		{0A5E0E9E-0954-456E-B79B-87C33AE9DD91}.Release|Any CPU.ActiveCfg = Release|Any CPU
		{0A5E0E9E-0954-456E-B79B-87C33AE9DD91}.Release|Any CPU.Build.0 = Release|Any CPU
		{0045032E-1639-49BA-B2D7-A609296C2F81}.Debug|Any CPU.ActiveCfg = Debug|Any CPU
		{0045032E-1639-49BA-B2D7-A609296C2F81}.Debug|Any CPU.Build.0 = Debug|Any CPU
		{0045032E-1639-49BA-B2D7-A609296C2F81}.Release|Any CPU.ActiveCfg = Release|Any CPU
		{0045032E-1639-49BA-B2D7-A609296C2F81}.Release|Any CPU.Build.0 = Release|Any CPU
		{4ACE6F88-EDD8-453E-ABE6-27312CA6F5CC}.Debug|Any CPU.ActiveCfg = Debug|Any CPU
		{4ACE6F88-EDD8-453E-ABE6-27312CA6F5CC}.Debug|Any CPU.Build.0 = Debug|Any CPU
		{4ACE6F88-EDD8-453E-ABE6-27312CA6F5CC}.Release|Any CPU.ActiveCfg = Release|Any CPU
		{4ACE6F88-EDD8-453E-ABE6-27312CA6F5CC}.Release|Any CPU.Build.0 = Release|Any CPU
	EndGlobalSection
	GlobalSection(SolutionProperties) = preSolution
		HideSolutionNode = FALSE
	EndGlobalSection
	GlobalSection(ExtensibilityGlobals) = postSolution
		SolutionGuid = {5DF31D89-037F-4B68-897A-E382A01D3FB4}
	EndGlobalSection
EndGlobal
